# This file is automatically @generated by Poetry 1.8.0 and should not be changed by hand.

[[package]]
name = "signals"
version = "0.0.2"
description = "Object notifier and pubsub"
optional = false
python-versions = "*"
files = [
    {file = "signals-0.0.2.tar.gz", hash = "sha256:b9d43a42e23c5ae8ae04ac01a5234e6502efadef263eee93191fb31f58fdb339"},
]

[metadata]
lock-version = "2.0"
python-versions = "^3.13"
content-hash = "d3fd5077cd9b5250874b6675c25000282766321d8c092be0258441b89b37b28e"
